// !$*UTF8*$!
{
	archiveVersion = 1;
	classes = {
	};
	objectVersion = 56;
	objects = {

/* Begin PBXBuildFile section */
		860A53AF2BADD4E000D4E869 /* NameSectionHeaderView.swift in Sources */ = {isa = PBXBuildFile; fileRef = 860A53AE2BADD4E000D4E869 /* NameSectionHeaderView.swift */; };
		860A53B12BAE8F4400D4E869 /* User.swift in Sources */ = {isa = PBXBuildFile; fileRef = 860A53B02BAE8F4400D4E869 /* User.swift */; };
		860A53B32BAEA94C00D4E869 /* HabitStatistics.swift in Sources */ = {isa = PBXBuildFile; fileRef = 860A53B22BAEA94C00D4E869 /* HabitStatistics.swift */; };
		860A53B52BAEA95900D4E869 /* UserCount.swift in Sources */ = {isa = PBXBuildFile; fileRef = 860A53B42BAEA95900D4E869 /* UserCount.swift */; };
		860A53B72BAF1E7500D4E869 /* UserStatistics.swift in Sources */ = {isa = PBXBuildFile; fileRef = 860A53B62BAF1E7500D4E869 /* UserStatistics.swift */; };
		860A53B92BAF1EA300D4E869 /* HabitCount.swift in Sources */ = {isa = PBXBuildFile; fileRef = 860A53B82BAF1EA300D4E869 /* HabitCount.swift */; };
		860A53BB2BB0244400D4E869 /* LoggedHabit.swift in Sources */ = {isa = PBXBuildFile; fileRef = 860A53BA2BB0244400D4E869 /* LoggedHabit.swift */; };
		860A53BE2BB124D600D4E869 /* LeaderboardHabitCollectionViewCell.swift in Sources */ = {isa = PBXBuildFile; fileRef = 860A53BC2BB124D600D4E869 /* LeaderboardHabitCollectionViewCell.swift */; };
		860A53BF2BB124D600D4E869 /* LeaderboardHabitCollectionViewCell.xib in Resources */ = {isa = PBXBuildFile; fileRef = 860A53BD2BB124D600D4E869 /* LeaderboardHabitCollectionViewCell.xib */; };
		860A53C22BB129F500D4E869 /* FollowedCollectionViewCell.swift in Sources */ = {isa = PBXBuildFile; fileRef = 860A53C02BB129F500D4E869 /* FollowedCollectionViewCell.swift */; };
		860A53C32BB129F500D4E869 /* FollowedCollectionViewCell.xib in Resources */ = {isa = PBXBuildFile; fileRef = 860A53C12BB129F500D4E869 /* FollowedCollectionViewCell.xib */; };
		860A53C52BB1391B00D4E869 /* CombinedStats.swift in Sources */ = {isa = PBXBuildFile; fileRef = 860A53C42BB1391B00D4E869 /* CombinedStats.swift */; };
		860A53C72BB3E7FB00D4E869 /* Color + Extras.swift in Sources */ = {isa = PBXBuildFile; fileRef = 860A53C62BB3E7FB00D4E869 /* Color + Extras.swift */; };
		8693BCD82BAC8A94009483A8 /* AppDelegate.swift in Sources */ = {isa = PBXBuildFile; fileRef = 8693BCD72BAC8A94009483A8 /* AppDelegate.swift */; };
		8693BCDA2BAC8A94009483A8 /* SceneDelegate.swift in Sources */ = {isa = PBXBuildFile; fileRef = 8693BCD92BAC8A94009483A8 /* SceneDelegate.swift */; };
		8693BCDF2BAC8A94009483A8 /* Main.storyboard in Resources */ = {isa = PBXBuildFile; fileRef = 8693BCDD2BAC8A94009483A8 /* Main.storyboard */; };
		8693BCE12BAC8A97009483A8 /* Assets.xcassets in Resources */ = {isa = PBXBuildFile; fileRef = 8693BCE02BAC8A97009483A8 /* Assets.xcassets */; };
		8693BCE42BAC8A97009483A8 /* LaunchScreen.storyboard in Resources */ = {isa = PBXBuildFile; fileRef = 8693BCE22BAC8A97009483A8 /* LaunchScreen.storyboard */; };
		8693BCEE2BAD37EC009483A8 /* HomeCollectionViewController.swift in Sources */ = {isa = PBXBuildFile; fileRef = 8693BCED2BAD37EC009483A8 /* HomeCollectionViewController.swift */; };
		8693BCF02BAD3810009483A8 /* HabitCollectionViewController.swift in Sources */ = {isa = PBXBuildFile; fileRef = 8693BCEF2BAD3810009483A8 /* HabitCollectionViewController.swift */; };
		8693BCF22BAD381F009483A8 /* UserCollectionViewController.swift in Sources */ = {isa = PBXBuildFile; fileRef = 8693BCF12BAD381F009483A8 /* UserCollectionViewController.swift */; };
		8693BCF42BAD3830009483A8 /* LogHabitCollectionViewController.swift in Sources */ = {isa = PBXBuildFile; fileRef = 8693BCF32BAD3830009483A8 /* LogHabitCollectionViewController.swift */; };
		8693BCF62BAD3A48009483A8 /* HabitDetailViewController.swift in Sources */ = {isa = PBXBuildFile; fileRef = 8693BCF52BAD3A48009483A8 /* HabitDetailViewController.swift */; };
		8693BCF82BAD3A55009483A8 /* UserDetailViewController.swift in Sources */ = {isa = PBXBuildFile; fileRef = 8693BCF72BAD3A55009483A8 /* UserDetailViewController.swift */; };
		8693BCFA2BAD3CAE009483A8 /* Habit.swift in Sources */ = {isa = PBXBuildFile; fileRef = 8693BCF92BAD3CAE009483A8 /* Habit.swift */; };
		8693BCFC2BAD3D83009483A8 /* Category.swift in Sources */ = {isa = PBXBuildFile; fileRef = 8693BCFB2BAD3D83009483A8 /* Category.swift */; };
		8693BCFE2BAD3D9F009483A8 /* Color.swift in Sources */ = {isa = PBXBuildFile; fileRef = 8693BCFD2BAD3D9F009483A8 /* Color.swift */; };
		8693BD012BAD43EB009483A8 /* APIRequest.swift in Sources */ = {isa = PBXBuildFile; fileRef = 8693BD002BAD43EB009483A8 /* APIRequest.swift */; };
		8693BD032BAD4D49009483A8 /* APIService.swift in Sources */ = {isa = PBXBuildFile; fileRef = 8693BD022BAD4D49009483A8 /* APIService.swift */; };
		8693BD052BAD8AFD009483A8 /* Settings.swift in Sources */ = {isa = PBXBuildFile; fileRef = 8693BD042BAD8AFD009483A8 /* Settings.swift */; };
		8693BD072BAD96ED009483A8 /* UICollectionViewDiffableDataSource+ViewModel.swift in Sources */ = {isa = PBXBuildFile; fileRef = 8693BD062BAD96ED009483A8 /* UICollectionViewDiffableDataSource+ViewModel.swift */; };
/* End PBXBuildFile section */

/* Begin PBXFileReference section */
		860A53AE2BADD4E000D4E869 /* NameSectionHeaderView.swift */ = {isa = PBXFileReference; lastKnownFileType = sourcecode.swift; path = NameSectionHeaderView.swift; sourceTree = "<group>"; };
		860A53B02BAE8F4400D4E869 /* User.swift */ = {isa = PBXFileReference; lastKnownFileType = sourcecode.swift; path = User.swift; sourceTree = "<group>"; };
		860A53B22BAEA94C00D4E869 /* HabitStatistics.swift */ = {isa = PBXFileReference; lastKnownFileType = sourcecode.swift; path = HabitStatistics.swift; sourceTree = "<group>"; };
		860A53B42BAEA95900D4E869 /* UserCount.swift */ = {isa = PBXFileReference; lastKnownFileType = sourcecode.swift; path = UserCount.swift; sourceTree = "<group>"; };
		860A53B62BAF1E7500D4E869 /* UserStatistics.swift */ = {isa = PBXFileReference; lastKnownFileType = sourcecode.swift; path = UserStatistics.swift; sourceTree = "<group>"; };
		860A53B82BAF1EA300D4E869 /* HabitCount.swift */ = {isa = PBXFileReference; lastKnownFileType = sourcecode.swift; path = HabitCount.swift; sourceTree = "<group>"; };
		860A53BA2BB0244400D4E869 /* LoggedHabit.swift */ = {isa = PBXFileReference; lastKnownFileType = sourcecode.swift; path = LoggedHabit.swift; sourceTree = "<group>"; };
		860A53BC2BB124D600D4E869 /* LeaderboardHabitCollectionViewCell.swift */ = {isa = PBXFileReference; lastKnownFileType = sourcecode.swift; path = LeaderboardHabitCollectionViewCell.swift; sourceTree = "<group>"; };
		860A53BD2BB124D600D4E869 /* LeaderboardHabitCollectionViewCell.xib */ = {isa = PBXFileReference; lastKnownFileType = file.xib; name = LeaderboardHabitCollectionViewCell.xib; path = Habits/View/LeaderboardHabitCollectionViewCell.xib; sourceTree = SOURCE_ROOT; };
		860A53C02BB129F500D4E869 /* FollowedCollectionViewCell.swift */ = {isa = PBXFileReference; lastKnownFileType = sourcecode.swift; path = FollowedCollectionViewCell.swift; sourceTree = "<group>"; };
		860A53C12BB129F500D4E869 /* FollowedCollectionViewCell.xib */ = {isa = PBXFileReference; lastKnownFileType = file.xib; name = FollowedCollectionViewCell.xib; path = Habits/View/FollowedCollectionViewCell.xib; sourceTree = SOURCE_ROOT; };
		860A53C42BB1391B00D4E869 /* CombinedStats.swift */ = {isa = PBXFileReference; lastKnownFileType = sourcecode.swift; path = CombinedStats.swift; sourceTree = "<group>"; };
		860A53C62BB3E7FB00D4E869 /* Color + Extras.swift */ = {isa = PBXFileReference; lastKnownFileType = sourcecode.swift; path = "Color + Extras.swift"; sourceTree = "<group>"; };
		8693BCD42BAC8A94009483A8 /* Habits.app */ = {isa = PBXFileReference; explicitFileType = wrapper.application; includeInIndex = 0; path = Habits.app; sourceTree = BUILT_PRODUCTS_DIR; };
		8693BCD72BAC8A94009483A8 /* AppDelegate.swift */ = {isa = PBXFileReference; lastKnownFileType = sourcecode.swift; path = AppDelegate.swift; sourceTree = "<group>"; };
		8693BCD92BAC8A94009483A8 /* SceneDelegate.swift */ = {isa = PBXFileReference; lastKnownFileType = sourcecode.swift; path = SceneDelegate.swift; sourceTree = "<group>"; };
		8693BCDE2BAC8A94009483A8 /* Base */ = {isa = PBXFileReference; lastKnownFileType = file.storyboard; name = Base; path = Base.lproj/Main.storyboard; sourceTree = "<group>"; };
		8693BCE02BAC8A97009483A8 /* Assets.xcassets */ = {isa = PBXFileReference; lastKnownFileType = folder.assetcatalog; path = Assets.xcassets; sourceTree = "<group>"; };
		8693BCE32BAC8A97009483A8 /* Base */ = {isa = PBXFileReference; lastKnownFileType = file.storyboard; name = Base; path = Base.lproj/LaunchScreen.storyboard; sourceTree = "<group>"; };
		8693BCE52BAC8A97009483A8 /* Info.plist */ = {isa = PBXFileReference; lastKnownFileType = text.plist.xml; path = Info.plist; sourceTree = "<group>"; };
		8693BCED2BAD37EC009483A8 /* HomeCollectionViewController.swift */ = {isa = PBXFileReference; lastKnownFileType = sourcecode.swift; path = HomeCollectionViewController.swift; sourceTree = "<group>"; };
		8693BCEF2BAD3810009483A8 /* HabitCollectionViewController.swift */ = {isa = PBXFileReference; lastKnownFileType = sourcecode.swift; path = HabitCollectionViewController.swift; sourceTree = "<group>"; };
		8693BCF12BAD381F009483A8 /* UserCollectionViewController.swift */ = {isa = PBXFileReference; lastKnownFileType = sourcecode.swift; path = UserCollectionViewController.swift; sourceTree = "<group>"; };
		8693BCF32BAD3830009483A8 /* LogHabitCollectionViewController.swift */ = {isa = PBXFileReference; lastKnownFileType = sourcecode.swift; path = LogHabitCollectionViewController.swift; sourceTree = "<group>"; };
		8693BCF52BAD3A48009483A8 /* HabitDetailViewController.swift */ = {isa = PBXFileReference; lastKnownFileType = sourcecode.swift; path = HabitDetailViewController.swift; sourceTree = "<group>"; };
		8693BCF72BAD3A55009483A8 /* UserDetailViewController.swift */ = {isa = PBXFileReference; lastKnownFileType = sourcecode.swift; path = UserDetailViewController.swift; sourceTree = "<group>"; };
		8693BCF92BAD3CAE009483A8 /* Habit.swift */ = {isa = PBXFileReference; lastKnownFileType = sourcecode.swift; path = Habit.swift; sourceTree = "<group>"; };
		8693BCFB2BAD3D83009483A8 /* Category.swift */ = {isa = PBXFileReference; lastKnownFileType = sourcecode.swift; path = Category.swift; sourceTree = "<group>"; };
		8693BCFD2BAD3D9F009483A8 /* Color.swift */ = {isa = PBXFileReference; lastKnownFileType = sourcecode.swift; path = Color.swift; sourceTree = "<group>"; };
		8693BD002BAD43EB009483A8 /* APIRequest.swift */ = {isa = PBXFileReference; lastKnownFileType = sourcecode.swift; path = APIRequest.swift; sourceTree = "<group>"; };
		8693BD022BAD4D49009483A8 /* APIService.swift */ = {isa = PBXFileReference; lastKnownFileType = sourcecode.swift; path = APIService.swift; sourceTree = "<group>"; };
		8693BD042BAD8AFD009483A8 /* Settings.swift */ = {isa = PBXFileReference; lastKnownFileType = sourcecode.swift; path = Settings.swift; sourceTree = "<group>"; };
		8693BD062BAD96ED009483A8 /* UICollectionViewDiffableDataSource+ViewModel.swift */ = {isa = PBXFileReference; lastKnownFileType = sourcecode.swift; path = "UICollectionViewDiffableDataSource+ViewModel.swift"; sourceTree = "<group>"; };
/* End PBXFileReference section */

/* Begin PBXFrameworksBuildPhase section */
		8693BCD12BAC8A94009483A8 /* Frameworks */ = {
			isa = PBXFrameworksBuildPhase;
			buildActionMask = 2147483647;
			files = (
			);
			runOnlyForDeploymentPostprocessing = 0;
		};
/* End PBXFrameworksBuildPhase section */

/* Begin PBXGroup section */
		860A53AD2BADD4B300D4E869 /* View */ = {
			isa = PBXGroup;
			children = (
				860A53AE2BADD4E000D4E869 /* NameSectionHeaderView.swift */,
				860A53BC2BB124D600D4E869 /* LeaderboardHabitCollectionViewCell.swift */,
				860A53BD2BB124D600D4E869 /* LeaderboardHabitCollectionViewCell.xib */,
				860A53C02BB129F500D4E869 /* FollowedCollectionViewCell.swift */,
				860A53C12BB129F500D4E869 /* FollowedCollectionViewCell.xib */,
			);
			path = View;
			sourceTree = "<group>";
		};
		8693BCCB2BAC8A94009483A8 = {
			isa = PBXGroup;
			children = (
				8693BCD62BAC8A94009483A8 /* Habits */,
				8693BCD52BAC8A94009483A8 /* Products */,
			);
			sourceTree = "<group>";
		};
		8693BCD52BAC8A94009483A8 /* Products */ = {
			isa = PBXGroup;
			children = (
				8693BCD42BAC8A94009483A8 /* Habits.app */,
			);
			name = Products;
			sourceTree = "<group>";
		};
		8693BCD62BAC8A94009483A8 /* Habits */ = {
			isa = PBXGroup;
			children = (
				8693BCD72BAC8A94009483A8 /* AppDelegate.swift */,
				8693BCD92BAC8A94009483A8 /* SceneDelegate.swift */,
				8693BD022BAD4D49009483A8 /* APIService.swift */,
				8693BD042BAD8AFD009483A8 /* Settings.swift */,
				8693BD062BAD96ED009483A8 /* UICollectionViewDiffableDataSource+ViewModel.swift */,
				860A53C62BB3E7FB00D4E869 /* Color + Extras.swift */,
				860A53AD2BADD4B300D4E869 /* View */,
				8693BCFF2BAD43D4009483A8 /* Protocol */,
				8693BCEC2BAD37CD009483A8 /* Model */,
				8693BCEB2BAD37C2009483A8 /* Controller */,
				8693BCDD2BAC8A94009483A8 /* Main.storyboard */,
				8693BCE02BAC8A97009483A8 /* Assets.xcassets */,
				8693BCE22BAC8A97009483A8 /* LaunchScreen.storyboard */,
				8693BCE52BAC8A97009483A8 /* Info.plist */,
			);
			path = Habits;
			sourceTree = "<group>";
		};
		8693BCEB2BAD37C2009483A8 /* Controller */ = {
			isa = PBXGroup;
			children = (
				8693BCED2BAD37EC009483A8 /* HomeCollectionViewController.swift */,
				8693BCEF2BAD3810009483A8 /* HabitCollectionViewController.swift */,
				8693BCF12BAD381F009483A8 /* UserCollectionViewController.swift */,
				8693BCF32BAD3830009483A8 /* LogHabitCollectionViewController.swift */,
				8693BCF52BAD3A48009483A8 /* HabitDetailViewController.swift */,
				8693BCF72BAD3A55009483A8 /* UserDetailViewController.swift */,
			);
			path = Controller;
			sourceTree = "<group>";
		};
		8693BCEC2BAD37CD009483A8 /* Model */ = {
			isa = PBXGroup;
			children = (
				8693BCF92BAD3CAE009483A8 /* Habit.swift */,
				8693BCFB2BAD3D83009483A8 /* Category.swift */,
				8693BCFD2BAD3D9F009483A8 /* Color.swift */,
				860A53B02BAE8F4400D4E869 /* User.swift */,
				860A53B22BAEA94C00D4E869 /* HabitStatistics.swift */,
				860A53B42BAEA95900D4E869 /* UserCount.swift */,
				860A53B62BAF1E7500D4E869 /* UserStatistics.swift */,
				860A53B82BAF1EA300D4E869 /* HabitCount.swift */,
				860A53BA2BB0244400D4E869 /* LoggedHabit.swift */,
				860A53C42BB1391B00D4E869 /* CombinedStats.swift */,
			);
			path = Model;
			sourceTree = "<group>";
		};
		8693BCFF2BAD43D4009483A8 /* Protocol */ = {
			isa = PBXGroup;
			children = (
				8693BD002BAD43EB009483A8 /* APIRequest.swift */,
			);
			path = Protocol;
			sourceTree = "<group>";
		};
/* End PBXGroup section */

/* Begin PBXNativeTarget section */
		8693BCD32BAC8A94009483A8 /* Habits */ = {
			isa = PBXNativeTarget;
			buildConfigurationList = 8693BCE82BAC8A97009483A8 /* Build configuration list for PBXNativeTarget "Habits" */;
			buildPhases = (
				8693BCD02BAC8A94009483A8 /* Sources */,
				8693BCD12BAC8A94009483A8 /* Frameworks */,
				8693BCD22BAC8A94009483A8 /* Resources */,
			);
			buildRules = (
			);
			dependencies = (
			);
			name = Habits;
			productName = Habits;
			productReference = 8693BCD42BAC8A94009483A8 /* Habits.app */;
			productType = "com.apple.product-type.application";
		};
/* End PBXNativeTarget section */

/* Begin PBXProject section */
		8693BCCC2BAC8A94009483A8 /* Project object */ = {
			isa = PBXProject;
			attributes = {
				BuildIndependentTargetsInParallel = 1;
				LastSwiftUpdateCheck = 1520;
				LastUpgradeCheck = 1520;
				TargetAttributes = {
					8693BCD32BAC8A94009483A8 = {
						CreatedOnToolsVersion = 15.2;
					};
				};
			};
			buildConfigurationList = 8693BCCF2BAC8A94009483A8 /* Build configuration list for PBXProject "Habits" */;
			compatibilityVersion = "Xcode 14.0";
			developmentRegion = en;
			hasScannedForEncodings = 0;
			knownRegions = (
				en,
				Base,
			);
			mainGroup = 8693BCCB2BAC8A94009483A8;
			productRefGroup = 8693BCD52BAC8A94009483A8 /* Products */;
			projectDirPath = "";
			projectRoot = "";
			targets = (
				8693BCD32BAC8A94009483A8 /* Habits */,
			);
		};
/* End PBXProject section */

/* Begin PBXResourcesBuildPhase section */
		8693BCD22BAC8A94009483A8 /* Resources */ = {
			isa = PBXResourcesBuildPhase;
			buildActionMask = 2147483647;
			files = (
				8693BCE42BAC8A97009483A8 /* LaunchScreen.storyboard in Resources */,
				8693BCE12BAC8A97009483A8 /* Assets.xcassets in Resources */,
				8693BCDF2BAC8A94009483A8 /* Main.storyboard in Resources */,
				860A53BF2BB124D600D4E869 /* LeaderboardHabitCollectionViewCell.xib in Resources */,
				860A53C32BB129F500D4E869 /* FollowedCollectionViewCell.xib in Resources */,
			);
			runOnlyForDeploymentPostprocessing = 0;
		};
/* End PBXResourcesBuildPhase section */

/* Begin PBXSourcesBuildPhase section */
		8693BCD02BAC8A94009483A8 /* Sources */ = {
			isa = PBXSourcesBuildPhase;
			buildActionMask = 2147483647;
			files = (
				860A53B52BAEA95900D4E869 /* UserCount.swift in Sources */,
				860A53AF2BADD4E000D4E869 /* NameSectionHeaderView.swift in Sources */,
				860A53BB2BB0244400D4E869 /* LoggedHabit.swift in Sources */,
				8693BCEE2BAD37EC009483A8 /* HomeCollectionViewController.swift in Sources */,
				8693BCFC2BAD3D83009483A8 /* Category.swift in Sources */,
				8693BD072BAD96ED009483A8 /* UICollectionViewDiffableDataSource+ViewModel.swift in Sources */,
				860A53C22BB129F500D4E869 /* FollowedCollectionViewCell.swift in Sources */,
				8693BD012BAD43EB009483A8 /* APIRequest.swift in Sources */,
				8693BCFE2BAD3D9F009483A8 /* Color.swift in Sources */,
				8693BD052BAD8AFD009483A8 /* Settings.swift in Sources */,
				860A53BE2BB124D600D4E869 /* LeaderboardHabitCollectionViewCell.swift in Sources */,
				860A53B12BAE8F4400D4E869 /* User.swift in Sources */,
				860A53B72BAF1E7500D4E869 /* UserStatistics.swift in Sources */,
				8693BCF22BAD381F009483A8 /* UserCollectionViewController.swift in Sources */,
				8693BCF82BAD3A55009483A8 /* UserDetailViewController.swift in Sources */,
				860A53C52BB1391B00D4E869 /* CombinedStats.swift in Sources */,
				860A53C72BB3E7FB00D4E869 /* Color + Extras.swift in Sources */,
				8693BCF02BAD3810009483A8 /* HabitCollectionViewController.swift in Sources */,
				860A53B32BAEA94C00D4E869 /* HabitStatistics.swift in Sources */,
				860A53B92BAF1EA300D4E869 /* HabitCount.swift in Sources */,
				8693BCD82BAC8A94009483A8 /* AppDelegate.swift in Sources */,
				8693BCF42BAD3830009483A8 /* LogHabitCollectionViewController.swift in Sources */,
				8693BD032BAD4D49009483A8 /* APIService.swift in Sources */,
				8693BCFA2BAD3CAE009483A8 /* Habit.swift in Sources */,
				8693BCF62BAD3A48009483A8 /* HabitDetailViewController.swift in Sources */,
				8693BCDA2BAC8A94009483A8 /* SceneDelegate.swift in Sources */,
			);
			runOnlyForDeploymentPostprocessing = 0;
		};
/* End PBXSourcesBuildPhase section */

/* Begin PBXVariantGroup section */
		8693BCDD2BAC8A94009483A8 /* Main.storyboard */ = {
			isa = PBXVariantGroup;
			children = (
				8693BCDE2BAC8A94009483A8 /* Base */,
			);
			name = Main.storyboard;
			sourceTree = "<group>";
		};
		8693BCE22BAC8A97009483A8 /* LaunchScreen.storyboard */ = {
			isa = PBXVariantGroup;
			children = (
				8693BCE32BAC8A97009483A8 /* Base */,
			);
			name = LaunchScreen.storyboard;
			sourceTree = "<group>";
		};
/* End PBXVariantGroup section */

/* Begin XCBuildConfiguration section */
		8693BCE62BAC8A97009483A8 /* Debug */ = {
			isa = XCBuildConfiguration;
			buildSettings = {
				ALWAYS_SEARCH_USER_PATHS = NO;
				ASSETCATALOG_COMPILER_GENERATE_SWIFT_ASSET_SYMBOL_EXTENSIONS = YES;
				CLANG_ANALYZER_NONNULL = YES;
				CLANG_ANALYZER_NUMBER_OBJECT_CONVERSION = YES_AGGRESSIVE;
				CLANG_CXX_LANGUAGE_STANDARD = "gnu++20";
				CLANG_ENABLE_MODULES = YES;
				CLANG_ENABLE_OBJC_ARC = YES;
				CLANG_ENABLE_OBJC_WEAK = YES;
				CLANG_WARN_BLOCK_CAPTURE_AUTORELEASING = YES;
				CLANG_WARN_BOOL_CONVERSION = YES;
				CLANG_WARN_COMMA = YES;
				CLANG_WARN_CONSTANT_CONVERSION = YES;
				CLANG_WARN_DEPRECATED_OBJC_IMPLEMENTATIONS = YES;
				CLANG_WARN_DIRECT_OBJC_ISA_USAGE = YES_ERROR;
				CLANG_WARN_DOCUMENTATION_COMMENTS = YES;
				CLANG_WARN_EMPTY_BODY = YES;
				CLANG_WARN_ENUM_CONVERSION = YES;
				CLANG_WARN_INFINITE_RECURSION = YES;
				CLANG_WARN_INT_CONVERSION = YES;
				CLANG_WARN_NON_LITERAL_NULL_CONVERSION = YES;
				CLANG_WARN_OBJC_IMPLICIT_RETAIN_SELF = YES;
				CLANG_WARN_OBJC_LITERAL_CONVERSION = YES;
				CLANG_WARN_OBJC_ROOT_CLASS = YES_ERROR;
				CLANG_WARN_QUOTED_INCLUDE_IN_FRAMEWORK_HEADER = YES;
				CLANG_WARN_RANGE_LOOP_ANALYSIS = YES;
				CLANG_WARN_STRICT_PROTOTYPES = YES;
				CLANG_WARN_SUSPICIOUS_MOVE = YES;
				CLANG_WARN_UNGUARDED_AVAILABILITY = YES_AGGRESSIVE;
				CLANG_WARN_UNREACHABLE_CODE = YES;
				CLANG_WARN__DUPLICATE_METHOD_MATCH = YES;
				COPY_PHASE_STRIP = NO;
				DEBUG_INFORMATION_FORMAT = dwarf;
				ENABLE_STRICT_OBJC_MSGSEND = YES;
				ENABLE_TESTABILITY = YES;
				ENABLE_USER_SCRIPT_SANDBOXING = YES;
				GCC_C_LANGUAGE_STANDARD = gnu17;
				GCC_DYNAMIC_NO_PIC = NO;
				GCC_NO_COMMON_BLOCKS = YES;
				GCC_OPTIMIZATION_LEVEL = 0;
				GCC_PREPROCESSOR_DEFINITIONS = (
					"DEBUG=1",
					"$(inherited)",
				);
				GCC_WARN_64_TO_32_BIT_CONVERSION = YES;
				GCC_WARN_ABOUT_RETURN_TYPE = YES_ERROR;
				GCC_WARN_UNDECLARED_SELECTOR = YES;
				GCC_WARN_UNINITIALIZED_AUTOS = YES_AGGRESSIVE;
				GCC_WARN_UNUSED_FUNCTION = YES;
				GCC_WARN_UNUSED_VARIABLE = YES;
				IPHONEOS_DEPLOYMENT_TARGET = 17.2;
				LOCALIZATION_PREFERS_STRING_CATALOGS = YES;
				MTL_ENABLE_DEBUG_INFO = INCLUDE_SOURCE;
				MTL_FAST_MATH = YES;
				ONLY_ACTIVE_ARCH = YES;
				SDKROOT = iphoneos;
				SWIFT_ACTIVE_COMPILATION_CONDITIONS = "DEBUG $(inherited)";
				SWIFT_OPTIMIZATION_LEVEL = "-Onone";
			};
			name = Debug;
		};
		8693BCE72BAC8A97009483A8 /* Release */ = {
			isa = XCBuildConfiguration;
			buildSettings = {
				ALWAYS_SEARCH_USER_PATHS = NO;
				ASSETCATALOG_COMPILER_GENERATE_SWIFT_ASSET_SYMBOL_EXTENSIONS = YES;
				CLANG_ANALYZER_NONNULL = YES;
				CLANG_ANALYZER_NUMBER_OBJECT_CONVERSION = YES_AGGRESSIVE;
				CLANG_CXX_LANGUAGE_STANDARD = "gnu++20";
				CLANG_ENABLE_MODULES = YES;
				CLANG_ENABLE_OBJC_ARC = YES;
				CLANG_ENABLE_OBJC_WEAK = YES;
				CLANG_WARN_BLOCK_CAPTURE_AUTORELEASING = YES;
				CLANG_WARN_BOOL_CONVERSION = YES;
				CLANG_WARN_COMMA = YES;
				CLANG_WARN_CONSTANT_CONVERSION = YES;
				CLANG_WARN_DEPRECATED_OBJC_IMPLEMENTATIONS = YES;
				CLANG_WARN_DIRECT_OBJC_ISA_USAGE = YES_ERROR;
				CLANG_WARN_DOCUMENTATION_COMMENTS = YES;
				CLANG_WARN_EMPTY_BODY = YES;
				CLANG_WARN_ENUM_CONVERSION = YES;
				CLANG_WARN_INFINITE_RECURSION = YES;
				CLANG_WARN_INT_CONVERSION = YES;
				CLANG_WARN_NON_LITERAL_NULL_CONVERSION = YES;
				CLANG_WARN_OBJC_IMPLICIT_RETAIN_SELF = YES;
				CLANG_WARN_OBJC_LITERAL_CONVERSION = YES;
				CLANG_WARN_OBJC_ROOT_CLASS = YES_ERROR;
				CLANG_WARN_QUOTED_INCLUDE_IN_FRAMEWORK_HEADER = YES;
				CLANG_WARN_RANGE_LOOP_ANALYSIS = YES;
				CLANG_WARN_STRICT_PROTOTYPES = YES;
				CLANG_WARN_SUSPICIOUS_MOVE = YES;
				CLANG_WARN_UNGUARDED_AVAILABILITY = YES_AGGRESSIVE;
				CLANG_WARN_UNREACHABLE_CODE = YES;
				CLANG_WARN__DUPLICATE_METHOD_MATCH = YES;
				COPY_PHASE_STRIP = NO;
				DEBUG_INFORMATION_FORMAT = "dwarf-with-dsym";
				ENABLE_NS_ASSERTIONS = NO;
				ENABLE_STRICT_OBJC_MSGSEND = YES;
				ENABLE_USER_SCRIPT_SANDBOXING = YES;
				GCC_C_LANGUAGE_STANDARD = gnu17;
				GCC_NO_COMMON_BLOCKS = YES;
				GCC_WARN_64_TO_32_BIT_CONVERSION = YES;
				GCC_WARN_ABOUT_RETURN_TYPE = YES_ERROR;
				GCC_WARN_UNDECLARED_SELECTOR = YES;
				GCC_WARN_UNINITIALIZED_AUTOS = YES_AGGRESSIVE;
				GCC_WARN_UNUSED_FUNCTION = YES;
				GCC_WARN_UNUSED_VARIABLE = YES;
				IPHONEOS_DEPLOYMENT_TARGET = 17.2;
				LOCALIZATION_PREFERS_STRING_CATALOGS = YES;
				MTL_ENABLE_DEBUG_INFO = NO;
				MTL_FAST_MATH = YES;
				SDKROOT = iphoneos;
				SWIFT_COMPILATION_MODE = wholemodule;
				VALIDATE_PRODUCT = YES;
			};
			name = Release;
		};
		8693BCE92BAC8A97009483A8 /* Debug */ = {
			isa = XCBuildConfiguration;
			buildSettings = {
				ASSETCATALOG_COMPILER_APPICON_NAME = AppIcon;
				ASSETCATALOG_COMPILER_GLOBAL_ACCENT_COLOR_NAME = AccentColor;
				CODE_SIGN_STYLE = Automatic;
				CURRENT_PROJECT_VERSION = 1;
				GENERATE_INFOPLIST_FILE = YES;
				INFOPLIST_FILE = Habits/Info.plist;
				INFOPLIST_KEY_UIApplicationSupportsIndirectInputEvents = YES;
				INFOPLIST_KEY_UILaunchStoryboardName = LaunchScreen;
				INFOPLIST_KEY_UIMainStoryboardFile = Main;
				INFOPLIST_KEY_UISupportedInterfaceOrientations_iPad = "UIInterfaceOrientationPortrait UIInterfaceOrientationPortraitUpsideDown UIInterfaceOrientationLandscapeLeft UIInterfaceOrientationLandscapeRight";
				INFOPLIST_KEY_UISupportedInterfaceOrientations_iPhone = "UIInterfaceOrientationPortrait UIInterfaceOrientationLandscapeLeft UIInterfaceOrientationLandscapeRight";
				LD_RUNPATH_SEARCH_PATHS = (
					"$(inherited)",
					"@executable_path/Frameworks",
				);
				MARKETING_VERSION = 1.0;
				PRODUCT_BUNDLE_IDENTIFIER = philong.com.Habits;
				PRODUCT_NAME = "$(TARGET_NAME)";
				SWIFT_EMIT_LOC_STRINGS = YES;
				SWIFT_VERSION = 5.0;
				TARGETED_DEVICE_FAMILY = "1,2";
			};
			name = Debug;
		};
		8693BCEA2BAC8A97009483A8 /* Release */ = {
			isa = XCBuildConfiguration;
			buildSettings = {
				ASSETCATALOG_COMPILER_APPICON_NAME = AppIcon;
				ASSETCATALOG_COMPILER_GLOBAL_ACCENT_COLOR_NAME = AccentColor;
				CODE_SIGN_STYLE = Automatic;
				CURRENT_PROJECT_VERSION = 1;
				GENERATE_INFOPLIST_FILE = YES;
				INFOPLIST_FILE = Habits/Info.plist;
				INFOPLIST_KEY_UIApplicationSupportsIndirectInputEvents = YES;
				INFOPLIST_KEY_UILaunchStoryboardName = LaunchScreen;
				INFOPLIST_KEY_UIMainStoryboardFile = Main;
				INFOPLIST_KEY_UISupportedInterfaceOrientations_iPad = "UIInterfaceOrientationPortrait UIInterfaceOrientationPortraitUpsideDown UIInterfaceOrientationLandscapeLeft UIInterfaceOrientationLandscapeRight";
				INFOPLIST_KEY_UISupportedInterfaceOrientations_iPhone = "UIInterfaceOrientationPortrait UIInterfaceOrientationLandscapeLeft UIInterfaceOrientationLandscapeRight";
				LD_RUNPATH_SEARCH_PATHS = (
					"$(inherited)",
					"@executable_path/Frameworks",
				);
				MARKETING_VERSION = 1.0;
				PRODUCT_BUNDLE_IDENTIFIER = philong.com.Habits;
				PRODUCT_NAME = "$(TARGET_NAME)";
				SWIFT_EMIT_LOC_STRINGS = YES;
				SWIFT_VERSION = 5.0;
				TARGETED_DEVICE_FAMILY = "1,2";
			};
			name = Release;
		};
/* End XCBuildConfiguration section */

/* Begin XCConfigurationList section */
		8693BCCF2BAC8A94009483A8 /* Build configuration list for PBXProject "Habits" */ = {
			isa = XCConfigurationList;
			buildConfigurations = (
				8693BCE62BAC8A97009483A8 /* Debug */,
				8693BCE72BAC8A97009483A8 /* Release */,
			);
			defaultConfigurationIsVisible = 0;
			defaultConfigurationName = Release;
		};
		8693BCE82BAC8A97009483A8 /* Build configuration list for PBXNativeTarget "Habits" */ = {
			isa = XCConfigurationList;
			buildConfigurations = (
				8693BCE92BAC8A97009483A8 /* Debug */,
				8693BCEA2BAC8A97009483A8 /* Release */,
			);
			defaultConfigurationIsVisible = 0;
			defaultConfigurationName = Release;
		};
/* End XCConfigurationList section */
	};
	rootObject = 8693BCCC2BAC8A94009483A8 /* Project object */;
}
